
Microsoft Visual Studio Solution File, Format Version 12.00
# Visual Studio Version 17
VisualStudioVersion = 17.0.31903.59
MinimumVisualStudioVersion = 10.0.40219.1
Project("{9A19103F-16F7-4668-BE54-9A1E7A4F7556}") = "webSocket-cliente2", "src\webSocket-cliente2\webSocket-cliente2.csproj", "{644C57D9-9831-42A8-AEA4-3454D443D9E7}"
EndProject
Project("{9A19103F-16F7-4668-BE54-9A1E7A4F7556}") = "webSocket.Servidor", "src\webSocket.Servidor\webSocket.Servidor.csproj", "{AF5EA5BE-9D80-4F8F-9720-BF5EF9520FD6}"
EndProject
Project("{9A19103F-16F7-4668-BE54-9A1E7A4F7556}") = "webSocket-cliente1", "src\webSocket-cliente1\webSocket-cliente1.csproj", "{4C3DE7E1-3D43-429B-A2C8-8E33A6021F25}"
EndProject
Global
	GlobalSection(SolutionConfigurationPlatforms) = preSolution
		Debug|Any CPU = Debug|Any CPU
		Release|Any CPU = Release|Any CPU
	EndGlobalSection
	GlobalSection(ProjectConfigurationPlatforms) = postSolution
		{644C57D9-9831-42A8-AEA4-3454D443D9E7}.Debug|Any CPU.ActiveCfg = Debug|Any CPU
		{644C57D9-9831-42A8-AEA4-3454D443D9E7}.Debug|Any CPU.Build.0 = Debug|Any CPU
		{644C57D9-9831-42A8-AEA4-3454D443D9E7}.Release|Any CPU.ActiveCfg = Release|Any CPU
		{644C57D9-9831-42A8-AEA4-3454D443D9E7}.Release|Any CPU.Build.0 = Release|Any CPU
		{AF5EA5BE-9D80-4F8F-9720-BF5EF9520FD6}.Debug|Any CPU.ActiveCfg = Debug|Any CPU
		{AF5EA5BE-9D80-4F8F-9720-BF5EF9520FD6}.Debug|Any CPU.Build.0 = Debug|Any CPU
		{AF5EA5BE-9D80-4F8F-9720-BF5EF9520FD6}.Release|Any CPU.ActiveCfg = Release|Any CPU
		{AF5EA5BE-9D80-4F8F-9720-BF5EF9520FD6}.Release|Any CPU.Build.0 = Release|Any CPU
		{4C3DE7E1-3D43-429B-A2C8-8E33A6021F25}.Debug|Any CPU.ActiveCfg = Debug|Any CPU
		{4C3DE7E1-3D43-429B-A2C8-8E33A6021F25}.Debug|Any CPU.Build.0 = Debug|Any CPU
		{4C3DE7E1-3D43-429B-A2C8-8E33A6021F25}.Release|Any CPU.ActiveCfg = Release|Any CPU
		{4C3DE7E1-3D43-429B-A2C8-8E33A6021F25}.Release|Any CPU.Build.0 = Release|Any CPU
	EndGlobalSection
	GlobalSection(SolutionProperties) = preSolution
		HideSolutionNode = FALSE
	EndGlobalSection
	GlobalSection(ExtensibilityGlobals) = postSolution
		SolutionGuid = {52F5BA18-7794-4244-9641-3E78148BAA32}
	EndGlobalSection
EndGlobal
